# This file is automatically @generated by Poetry 2.2.1 and should not be changed by hand.

[[package]]
name = "colorama"
version = "0.4.6"
description = "Cross-platform colored terminal text."
optional = false
python-versions = "!=3.0.*,!=3.1.*,!=3.2.*,!=3.3.*,!=3.4.*,!=3.5.*,!=3.6.*,>=2.7"
groups = ["dev"]
markers = "sys_platform == \"win32\""
files = [
    {file = "colorama-0.4.6-py2.py3-none-any.whl", hash = "sha256:4f1d9991f5acc0ca119f9d443620b77f9d6b33703e51011c16baf57afb285fc6"},
    {file = "colorama-0.4.6.tar.gz", hash = "sha256:08695f5cb7ed6e0531a20572697297273c47b8cae5a63ffc6d6ed5c201be6e44"},
]

[[package]]
name = "iniconfig"
version = "2.1.0"
description = "brain-dead simple config-ini parsing"
optional = false
python-versions = ">=3.8"
groups = ["dev"]
files = [
    {file = "iniconfig-2.1.0-py3-none-any.whl", hash = "sha256:9deba5723312380e77435581c6bf4935c94cbfab9b1ed33ef8d238ea168eb760"},
    {file = "iniconfig-2.1.0.tar.gz", hash = "sha256:3abbd2e30b36733fee78f9c7f7308f2d0050e88f0087fd25c2645f63c773e1c7"},
]

[[package]]
name = "packaging"
version = "25.0"
description = "Core utilities for Python packages"
optional = false
python-versions = ">=3.8"
groups = ["dev"]
files = [
    {file = "packaging-25.0-py3-none-any.whl", hash = "sha256:29572ef2b1f17581046b3a2227d5c611fb25ec70ca1ba8554b24b0e69331a484"},
    {file = "packaging-25.0.tar.gz", hash = "sha256:d443872c98d677bf60f6a1f2f8c1cb748e8fe762d2bf9d3148b5599295b0fc4f"},
]

[[package]]
name = "pluggy"
version = "1.6.0"
description = "plugin and hook calling mechanisms for python"
optional = false
python-versions = ">=3.9"
groups = ["dev"]
files = [
    {file = "pluggy-1.6.0-py3-none-any.whl", hash = "sha256:e920276dd6813095e9377c0bc5566d94c932c33b27a3e3945d8389c374dd4746"},
    {file = "pluggy-1.6.0.tar.gz", hash = "sha256:7dcc130b76258d33b90f61b658791dede3486c3e6bfb003ee5c9bfb396dd22f3"},
]

[package.extras]
dev = ["pre-commit", "tox"]
testing = ["coverage", "pytest", "pytest-benchmark"]

[[package]]
name = "pygments"
version = "2.19.2"
description = "Pygments is a syntax highlighting package written in Python."
optional = false
python-versions = ">=3.8"
groups = ["dev"]
files = [
    {file = "pygments-2.19.2-py3-none-any.whl", hash = "sha256:86540386c03d588bb81d44bc3928634ff26449851e99741617ecb9037ee5ec0b"},
    {file = "pygments-2.19.2.tar.gz", hash = "sha256:636cb2477cec7f8952536970bc533bc43743542f70392ae026374600add5b887"},
]

[package.extras]
windows-terminal = ["colorama (>=0.4.6)"]

[[package]]
name = "pytest"
version = "8.4.2"
description = "pytest: simple powerful testing with Python"
optional = false
python-versions = ">=3.9"
groups = ["dev"]
files = [
    {file = "pytest-8.4.2-py3-none-any.whl", hash = "sha256:872f880de3fc3a5bdc88a11b39c9710c3497a547cfa9320bc3c5e62fbf272e79"},
    {file = "pytest-8.4.2.tar.gz", hash = "sha256:86c0d0b93306b961d58d62a4db4879f27fe25513d4b969df351abdddb3c30e01"},
]

[package.dependencies]
colorama = {version = ">=0.4", markers = "sys_platform == \"win32\""}
iniconfig = ">=1"
packaging = ">=20"
pluggy = ">=1.5,<2"
pygments = ">=2.7.2"

[package.extras]
dev = ["argcomplete", "attrs (>=19.2)", "hypothesis (>=3.56)", "mock", "requests", "setuptools", "xmlschema"]

[[package]]
name = "ruff"
version = "0.14.0"
description = "An extremely fast Python linter and code formatter, written in Rust."
optional = false
python-versions = ">=3.7"
groups = ["dev"]
files = [
    {file = "ruff-0.14.0-py3-none-linux_armv6l.whl", hash = "sha256:58e15bffa7054299becf4bab8a1187062c6f8cafbe9f6e39e0d5aface455d6b3"},
    {file = "ruff-0.14.0-py3-none-macosx_10_12_x86_64.whl", hash = "sha256:838d1b065f4df676b7c9957992f2304e41ead7a50a568185efd404297d5701e8"},
    {file = "ruff-0.14.0-py3-none-macosx_11_0_arm64.whl", hash = "sha256:703799d059ba50f745605b04638fa7e9682cc3da084b2092feee63500ff3d9b8"},
    {file = "ruff-0.14.0-py3-none-manylinux_2_17_aarch64.manylinux2014_aarch64.whl", hash = "sha256:3ba9a8925e90f861502f7d974cc60e18ca29c72bb0ee8bfeabb6ade35a3abde7"},
    {file = "ruff-0.14.0-py3-none-manylinux_2_17_armv7l.manylinux2014_armv7l.whl", hash = "sha256:e41f785498bd200ffc276eb9e1570c019c1d907b07cfb081092c8ad51975bbe7"},
    {file = "ruff-0.14.0-py3-none-manylinux_2_17_i686.manylinux2014_i686.whl", hash = "sha256:30a58c087aef4584c193aebf2700f0fbcfc1e77b89c7385e3139956fa90434e2"},
    {file = "ruff-0.14.0-py3-none-manylinux_2_17_ppc64.manylinux2014_ppc64.whl", hash = "sha256:f8d07350bc7af0a5ce8812b7d5c1a7293cf02476752f23fdfc500d24b79b783c"},
    {file = "ruff-0.14.0-py3-none-manylinux_2_17_ppc64le.manylinux2014_ppc64le.whl", hash = "sha256:eec3bbbf3a7d5482b5c1f42d5fc972774d71d107d447919fca620b0be3e3b75e"},
    {file = "ruff-0.14.0-py3-none-manylinux_2_17_s390x.manylinux2014_s390x.whl", hash = "sha256:16b68e183a0e28e5c176d51004aaa40559e8f90065a10a559176713fcf435206"},
    {file = "ruff-0.14.0-py3-none-manylinux_2_17_x86_64.manylinux2014_x86_64.whl", hash = "sha256:eb732d17db2e945cfcbbc52af0143eda1da36ca8ae25083dd4f66f1542fdf82e"},
    {file = "ruff-0.14.0-py3-none-manylinux_2_31_riscv64.whl", hash = "sha256:c958f66ab884b7873e72df38dcabee03d556a8f2ee1b8538ee1c2bbd619883dd"},
    {file = "ruff-0.14.0-py3-none-musllinux_1_2_aarch64.whl", hash = "sha256:7eb0499a2e01f6e0c285afc5bac43ab380cbfc17cd43a2e1dd10ec97d6f2c42d"},
    {file = "ruff-0.14.0-py3-none-musllinux_1_2_armv7l.whl", hash = "sha256:4c63b2d99fafa05efca0ab198fd48fa6030d57e4423df3f18e03aa62518c565f"},
    {file = "ruff-0.14.0-py3-none-musllinux_1_2_i686.whl", hash = "sha256:668fce701b7a222f3f5327f86909db2bbe99c30877c8001ff934c5413812ac02"},
    {file = "ruff-0.14.0-py3-none-musllinux_1_2_x86_64.whl", hash = "sha256:a86bf575e05cb68dcb34e4c7dfe1064d44d3f0c04bbc0491949092192b515296"},
    {file = "ruff-0.14.0-py3-none-win32.whl", hash = "sha256:7450a243d7125d1c032cb4b93d9625dea46c8c42b4f06c6b709baac168e10543"},
    {file = "ruff-0.14.0-py3-none-win_amd64.whl", hash = "sha256:ea95da28cd874c4d9c922b39381cbd69cb7e7b49c21b8152b014bd4f52acddc2"},
    {file = "ruff-0.14.0-py3-none-win_arm64.whl", hash = "sha256:f42c9495f5c13ff841b1da4cb3c2a42075409592825dada7c5885c2c844ac730"},
    {file = "ruff-0.14.0.tar.gz", hash = "sha256:62ec8969b7510f77945df916de15da55311fade8d6050995ff7f680afe582c57"},
]

[[package]]
name = "ty"
version = "0.0.1a22"
description = "An extremely fast Python type checker, written in Rust."
optional = false
python-versions = ">=3.8"
groups = ["dev"]
files = [
    {file = "ty-0.0.1a22-py3-none-linux_armv6l.whl", hash = "sha256:6efba0c777881d2d072fa7375a64ad20357e825eff2a0b6ff9ec80399a04253b"},
    {file = "ty-0.0.1a22-py3-none-macosx_10_12_x86_64.whl", hash = "sha256:2ada020eebe1b44403affdf45cd5c8d3fb8312c3e80469d795690093c0921f55"},
    {file = "ty-0.0.1a22-py3-none-macosx_11_0_arm64.whl", hash = "sha256:ed4f11f1a5824ea10d3e46b1990d092c3f341b1d492c357d23bed2ac347fd253"},
    {file = "ty-0.0.1a22-py3-none-manylinux_2_17_aarch64.manylinux2014_aarch64.whl", hash = "sha256:56f48d8f94292909d596dbeb56ff7f9f070bd316aa628b45c02ca2b2f5797f31"},
    {file = "ty-0.0.1a22-py3-none-manylinux_2_17_armv7l.manylinux2014_armv7l.whl", hash = "sha256:733e9ac22885b6574de26bdbae439c960a06acc825a938d3780c9d498bb65339"},
    {file = "ty-0.0.1a22-py3-none-manylinux_2_17_i686.manylinux2014_i686.whl", hash = "sha256:5135d662484e56809c77b3343614005585caadaa5c1cf643ed6a09303497652b"},
    {file = "ty-0.0.1a22-py3-none-manylinux_2_17_ppc64.manylinux2014_ppc64.whl", hash = "sha256:87f297f99a98154d33a3f21991979418c65d8bf480f6a1bad1e54d46d2dc7df7"},
    {file = "ty-0.0.1a22-py3-none-manylinux_2_17_ppc64le.manylinux2014_ppc64le.whl", hash = "sha256:3310217eaa4dccf20b7336fcbeb072097addc6fde0c9d3f791dea437af0aa6dc"},
    {file = "ty-0.0.1a22-py3-none-manylinux_2_17_s390x.manylinux2014_s390x.whl", hash = "sha256:12b032e81012bf5228fd65f01b50e29eb409534b6aac28ee5c48ee3b7b860ddf"},
    {file = "ty-0.0.1a22-py3-none-manylinux_2_17_x86_64.manylinux2014_x86_64.whl", hash = "sha256:a3ffda8149cab0000a21e7a078142073e27a1a9ac03b9a0837aa2f53d1fbebcb"},
    {file = "ty-0.0.1a22-py3-none-musllinux_1_2_aarch64.whl", hash = "sha256:afa512e7dc78f0cf0b55f87394968ba59c46993c67bc0ef295962144fea85b12"},
    {file = "ty-0.0.1a22-py3-none-musllinux_1_2_armv7l.whl", hash = "sha256:069cdbbea6025f7ebbb5e9043c8d0daf760358df46df8304ef5ca5bb3e320aef"},
    {file = "ty-0.0.1a22-py3-none-musllinux_1_2_i686.whl", hash = "sha256:67d31d902e6fd67a4b3523604f635e71d2ec55acfb9118f984600584bfe0ff2a"},
    {file = "ty-0.0.1a22-py3-none-musllinux_1_2_x86_64.whl", hash = "sha256:f9e154f262162e6f76b01f318e469ac6c22ffce22b010c396ed34e81d8369821"},
    {file = "ty-0.0.1a22-py3-none-win32.whl", hash = "sha256:37525433ca7b02a8fca4b8fa9dcde818bf3a413b539b9dbc8f7b39d124eb7c49"},
    {file = "ty-0.0.1a22-py3-none-win_amd64.whl", hash = "sha256:75d21cdeba8bcef247af89518d7ce98079cac4a55c4160cb76682ea40a18b92c"},
    {file = "ty-0.0.1a22-py3-none-win_arm64.whl", hash = "sha256:1c7f040fe311e9696917417434c2a0e58402235be842c508002c6a2eff1398b0"},
    {file = "ty-0.0.1a22.tar.gz", hash = "sha256:b20ec5362830a1e9e05654c15e88607fdbb45325ec130a9a364c6dd412ecbf55"},
]

[metadata]
lock-version = "2.1"
python-versions = ">=3.12"
content-hash = "6134ae960ee78e0beec1123bd960382c13bb4e44a24ca60f7650c049d3fd1510"
